// !$*UTF8*$!
{
	archiveVersion = 1;
	classes = {
	};
	objectVersion = 48;
	objects = {

/* Begin PBXBuildFile section */
		A663B2532025251B004E5B85 /* AppDelegate.swift in Sources */ = {isa = PBXBuildFile; fileRef = A663B2522025251B004E5B85 /* AppDelegate.swift */; };
		A663B25A2025251B004E5B85 /* Main.storyboard in Resources */ = {isa = PBXBuildFile; fileRef = A663B2582025251B004E5B85 /* Main.storyboard */; };
		A663B25C2025251B004E5B85 /* Assets.xcassets in Resources */ = {isa = PBXBuildFile; fileRef = A663B25B2025251B004E5B85 /* Assets.xcassets */; };
		A663B25F2025251B004E5B85 /* LaunchScreen.storyboard in Resources */ = {isa = PBXBuildFile; fileRef = A663B25D2025251B004E5B85 /* LaunchScreen.storyboard */; };
		A663B26A2025251B004E5B85 /* TimBurtonsTests.swift in Sources */ = {isa = PBXBuildFile; fileRef = A663B2692025251B004E5B85 /* TimBurtonsTests.swift */; };
		A663B2752025251B004E5B85 /* TimBurtonsUITests.swift in Sources */ = {isa = PBXBuildFile; fileRef = A663B2742025251B004E5B85 /* TimBurtonsUITests.swift */; };
		A663B2922025336F004E5B85 /* Configuration.swift in Sources */ = {isa = PBXBuildFile; fileRef = A663B2912025336E004E5B85 /* Configuration.swift */; };
		A663B294202538C5004E5B85 /* Constants.swift in Sources */ = {isa = PBXBuildFile; fileRef = A663B293202538C5004E5B85 /* Constants.swift */; };
		A6F539A9202560E30031D7B9 /* HomeViewController.swift in Sources */ = {isa = PBXBuildFile; fileRef = A6F539A8202560E30031D7B9 /* HomeViewController.swift */; };
		A6F539AB202561080031D7B9 /* ProductsViewController.swift in Sources */ = {isa = PBXBuildFile; fileRef = A6F539AA202561080031D7B9 /* ProductsViewController.swift */; };
		A6F539B0202561850031D7B9 /* Products.storyboard in Resources */ = {isa = PBXBuildFile; fileRef = A6F539AE202561840031D7B9 /* Products.storyboard */; };
		A6F539B220260AFF0031D7B9 /* StoryboardSupport.swift in Sources */ = {isa = PBXBuildFile; fileRef = A6F539B120260AFF0031D7B9 /* StoryboardSupport.swift */; };
		A6F539B8202617480031D7B9 /* Localizable.strings in Resources */ = {isa = PBXBuildFile; fileRef = A6F539BA202617480031D7B9 /* Localizable.strings */; };
		A6F539BF20261AC90031D7B9 /* InfoPlist.strings in Resources */ = {isa = PBXBuildFile; fileRef = A6F539C120261AC90031D7B9 /* InfoPlist.strings */; };
		A6F539C4202656250031D7B9 /* APIManager.swift in Sources */ = {isa = PBXBuildFile; fileRef = A6F539C3202656250031D7B9 /* APIManager.swift */; };
		A6F539C62026565B0031D7B9 /* Product.swift in Sources */ = {isa = PBXBuildFile; fileRef = A6F539C52026565B0031D7B9 /* Product.swift */; };
		A6F539C820265EE10031D7B9 /* Cart.swift in Sources */ = {isa = PBXBuildFile; fileRef = A6F539C720265EE10031D7B9 /* Cart.swift */; };
		A6F539CA2026608A0031D7B9 /* TBServices.swift in Sources */ = {isa = PBXBuildFile; fileRef = A6F539C92026608A0031D7B9 /* TBServices.swift */; };
		A6F539CE202678570031D7B9 /* products.json in Resources */ = {isa = PBXBuildFile; fileRef = A6F539CD202678570031D7B9 /* products.json */; };
		A6F539D020268BB40031D7B9 /* ProductInfoViewController.swift in Sources */ = {isa = PBXBuildFile; fileRef = A6F539CF20268BB40031D7B9 /* ProductInfoViewController.swift */; };
		A6F539D220268D500031D7B9 /* ProductTableViewCell.swift in Sources */ = {isa = PBXBuildFile; fileRef = A6F539D120268D500031D7B9 /* ProductTableViewCell.swift */; };
/* End PBXBuildFile section */

/* Begin PBXContainerItemProxy section */
		A663B2662025251B004E5B85 /* PBXContainerItemProxy */ = {
			isa = PBXContainerItemProxy;
			containerPortal = A663B2472025251B004E5B85 /* Project object */;
			proxyType = 1;
			remoteGlobalIDString = A663B24E2025251B004E5B85;
			remoteInfo = TimBurtons;
		};
		A663B2712025251B004E5B85 /* PBXContainerItemProxy */ = {
			isa = PBXContainerItemProxy;
			containerPortal = A663B2472025251B004E5B85 /* Project object */;
			proxyType = 1;
			remoteGlobalIDString = A663B24E2025251B004E5B85;
			remoteInfo = TimBurtons;
		};
/* End PBXContainerItemProxy section */

/* Begin PBXFileReference section */
		A663B24F2025251B004E5B85 /* TimBurtons.app */ = {isa = PBXFileReference; explicitFileType = wrapper.application; includeInIndex = 0; path = TimBurtons.app; sourceTree = BUILT_PRODUCTS_DIR; };
		A663B2522025251B004E5B85 /* AppDelegate.swift */ = {isa = PBXFileReference; lastKnownFileType = sourcecode.swift; path = AppDelegate.swift; sourceTree = "<group>"; };
		A663B2592025251B004E5B85 /* Base */ = {isa = PBXFileReference; lastKnownFileType = file.storyboard; name = Base; path = Base.lproj/Main.storyboard; sourceTree = "<group>"; };
		A663B25B2025251B004E5B85 /* Assets.xcassets */ = {isa = PBXFileReference; lastKnownFileType = folder.assetcatalog; path = Assets.xcassets; sourceTree = "<group>"; };
		A663B25E2025251B004E5B85 /* Base */ = {isa = PBXFileReference; lastKnownFileType = file.storyboard; name = Base; path = Base.lproj/LaunchScreen.storyboard; sourceTree = "<group>"; };
		A663B2602025251B004E5B85 /* Info.plist */ = {isa = PBXFileReference; lastKnownFileType = text.plist.xml; path = Info.plist; sourceTree = "<group>"; };
		A663B2652025251B004E5B85 /* TimBurtonsTests.xctest */ = {isa = PBXFileReference; explicitFileType = wrapper.cfbundle; includeInIndex = 0; path = TimBurtonsTests.xctest; sourceTree = BUILT_PRODUCTS_DIR; };
		A663B2692025251B004E5B85 /* TimBurtonsTests.swift */ = {isa = PBXFileReference; lastKnownFileType = sourcecode.swift; path = TimBurtonsTests.swift; sourceTree = "<group>"; };
		A663B26B2025251B004E5B85 /* Info.plist */ = {isa = PBXFileReference; lastKnownFileType = text.plist.xml; path = Info.plist; sourceTree = "<group>"; };
		A663B2702025251B004E5B85 /* TimBurtonsUITests.xctest */ = {isa = PBXFileReference; explicitFileType = wrapper.cfbundle; includeInIndex = 0; path = TimBurtonsUITests.xctest; sourceTree = BUILT_PRODUCTS_DIR; };
		A663B2742025251B004E5B85 /* TimBurtonsUITests.swift */ = {isa = PBXFileReference; lastKnownFileType = sourcecode.swift; path = TimBurtonsUITests.swift; sourceTree = "<group>"; };
		A663B2762025251B004E5B85 /* Info.plist */ = {isa = PBXFileReference; lastKnownFileType = text.plist.xml; path = Info.plist; sourceTree = "<group>"; };
		A663B2912025336E004E5B85 /* Configuration.swift */ = {isa = PBXFileReference; lastKnownFileType = sourcecode.swift; path = Configuration.swift; sourceTree = "<group>"; };
		A663B293202538C5004E5B85 /* Constants.swift */ = {isa = PBXFileReference; lastKnownFileType = sourcecode.swift; path = Constants.swift; sourceTree = "<group>"; };
		A6F539A8202560E30031D7B9 /* HomeViewController.swift */ = {isa = PBXFileReference; lastKnownFileType = sourcecode.swift; path = HomeViewController.swift; sourceTree = "<group>"; };
		A6F539AA202561080031D7B9 /* ProductsViewController.swift */ = {isa = PBXFileReference; lastKnownFileType = sourcecode.swift; path = ProductsViewController.swift; sourceTree = "<group>"; };
		A6F539AF202561840031D7B9 /* Base */ = {isa = PBXFileReference; lastKnownFileType = file.storyboard; name = Base; path = Base.lproj/Products.storyboard; sourceTree = "<group>"; };
		A6F539B120260AFF0031D7B9 /* StoryboardSupport.swift */ = {isa = PBXFileReference; lastKnownFileType = sourcecode.swift; path = StoryboardSupport.swift; sourceTree = "<group>"; };
		A6F539B3202616950031D7B9 /* fr */ = {isa = PBXFileReference; lastKnownFileType = text.plist.strings; name = fr; path = fr.lproj/Products.strings; sourceTree = "<group>"; };
		A6F539B4202616950031D7B9 /* fr */ = {isa = PBXFileReference; lastKnownFileType = text.plist.strings; name = fr; path = fr.lproj/Main.strings; sourceTree = "<group>"; };
		A6F539B5202616960031D7B9 /* fr */ = {isa = PBXFileReference; lastKnownFileType = text.plist.strings; name = fr; path = fr.lproj/LaunchScreen.strings; sourceTree = "<group>"; };
		A6F539B9202617480031D7B9 /* fr */ = {isa = PBXFileReference; lastKnownFileType = text.plist.strings; name = fr; path = fr.lproj/Localizable.strings; sourceTree = "<group>"; };
		A6F539BB202617530031D7B9 /* Base */ = {isa = PBXFileReference; lastKnownFileType = text.plist.strings; name = Base; path = Base.lproj/Localizable.strings; sourceTree = "<group>"; };
		A6F539C020261AC90031D7B9 /* fr */ = {isa = PBXFileReference; lastKnownFileType = text.plist.strings; name = fr; path = fr.lproj/InfoPlist.strings; sourceTree = "<group>"; };
		A6F539C220261AD60031D7B9 /* Base */ = {isa = PBXFileReference; lastKnownFileType = text.plist.strings; name = Base; path = Base.lproj/InfoPlist.strings; sourceTree = "<group>"; };
		A6F539C3202656250031D7B9 /* APIManager.swift */ = {isa = PBXFileReference; lastKnownFileType = sourcecode.swift; path = APIManager.swift; sourceTree = "<group>"; };
		A6F539C52026565B0031D7B9 /* Product.swift */ = {isa = PBXFileReference; lastKnownFileType = sourcecode.swift; path = Product.swift; sourceTree = "<group>"; };
		A6F539C720265EE10031D7B9 /* Cart.swift */ = {isa = PBXFileReference; lastKnownFileType = sourcecode.swift; path = Cart.swift; sourceTree = "<group>"; };
		A6F539C92026608A0031D7B9 /* TBServices.swift */ = {isa = PBXFileReference; lastKnownFileType = sourcecode.swift; path = TBServices.swift; sourceTree = "<group>"; };
		A6F539CD202678570031D7B9 /* products.json */ = {isa = PBXFileReference; fileEncoding = 4; lastKnownFileType = text.json; path = products.json; sourceTree = "<group>"; };
		A6F539CF20268BB40031D7B9 /* ProductInfoViewController.swift */ = {isa = PBXFileReference; lastKnownFileType = sourcecode.swift; path = ProductInfoViewController.swift; sourceTree = "<group>"; };
		A6F539D120268D500031D7B9 /* ProductTableViewCell.swift */ = {isa = PBXFileReference; lastKnownFileType = sourcecode.swift; path = ProductTableViewCell.swift; sourceTree = "<group>"; };
/* End PBXFileReference section */

/* Begin PBXFrameworksBuildPhase section */
		A663B24C2025251B004E5B85 /* Frameworks */ = {
			isa = PBXFrameworksBuildPhase;
			buildActionMask = 2147483647;
			files = (
			);
			runOnlyForDeploymentPostprocessing = 0;
		};
		A663B2622025251B004E5B85 /* Frameworks */ = {
			isa = PBXFrameworksBuildPhase;
			buildActionMask = 2147483647;
			files = (
			);
			runOnlyForDeploymentPostprocessing = 0;
		};
		A663B26D2025251B004E5B85 /* Frameworks */ = {
			isa = PBXFrameworksBuildPhase;
			buildActionMask = 2147483647;
			files = (
			);
			runOnlyForDeploymentPostprocessing = 0;
		};
/* End PBXFrameworksBuildPhase section */

/* Begin PBXGroup section */
		A663B2462025251B004E5B85 = {
			isa = PBXGroup;
			children = (
				A663B2512025251B004E5B85 /* TimBurtons */,
				A663B2682025251B004E5B85 /* TimBurtonsTests */,
				A663B2732025251B004E5B85 /* TimBurtonsUITests */,
				A663B2502025251B004E5B85 /* Products */,
			);
			sourceTree = "<group>";
		};
		A663B2502025251B004E5B85 /* Products */ = {
			isa = PBXGroup;
			children = (
				A663B24F2025251B004E5B85 /* TimBurtons.app */,
				A663B2652025251B004E5B85 /* TimBurtonsTests.xctest */,
				A663B2702025251B004E5B85 /* TimBurtonsUITests.xctest */,
			);
			name = Products;
			sourceTree = "<group>";
		};
		A663B2512025251B004E5B85 /* TimBurtons */ = {
			isa = PBXGroup;
			children = (
				A663B2882025312F004E5B85 /* Helpers */,
				A663B283202525F4004E5B85 /* Controllers */,
				A663B282202525E6004E5B85 /* Models */,
				A663B287202526EC004E5B85 /* Networking */,
				A663B2852025266D004E5B85 /* Resources */,
				A663B28420252602004E5B85 /* Storyboards */,
				A663B286202526E7004E5B85 /* View */,
				A663B2522025251B004E5B85 /* AppDelegate.swift */,
				A663B2602025251B004E5B85 /* Info.plist */,
			);
			path = TimBurtons;
			sourceTree = "<group>";
		};
		A663B2682025251B004E5B85 /* TimBurtonsTests */ = {
			isa = PBXGroup;
			children = (
				A663B2692025251B004E5B85 /* TimBurtonsTests.swift */,
				A663B26B2025251B004E5B85 /* Info.plist */,
			);
			path = TimBurtonsTests;
			sourceTree = "<group>";
		};
		A663B2732025251B004E5B85 /* TimBurtonsUITests */ = {
			isa = PBXGroup;
			children = (
				A663B2742025251B004E5B85 /* TimBurtonsUITests.swift */,
				A663B2762025251B004E5B85 /* Info.plist */,
			);
			path = TimBurtonsUITests;
			sourceTree = "<group>";
		};
		A663B282202525E6004E5B85 /* Models */ = {
			isa = PBXGroup;
			children = (
				A6F539C52026565B0031D7B9 /* Product.swift */,
				A6F539C720265EE10031D7B9 /* Cart.swift */,
			);
			path = Models;
			sourceTree = "<group>";
		};
		A663B283202525F4004E5B85 /* Controllers */ = {
			isa = PBXGroup;
			children = (
				A6F539A8202560E30031D7B9 /* HomeViewController.swift */,
				A6F539AA202561080031D7B9 /* ProductsViewController.swift */,
				A6F539CF20268BB40031D7B9 /* ProductInfoViewController.swift */,
			);
			path = Controllers;
			sourceTree = "<group>";
		};
		A663B28420252602004E5B85 /* Storyboards */ = {
			isa = PBXGroup;
			children = (
				A6F539AE202561840031D7B9 /* Products.storyboard */,
				A663B2582025251B004E5B85 /* Main.storyboard */,
				A663B25D2025251B004E5B85 /* LaunchScreen.storyboard */,
				A6F539B120260AFF0031D7B9 /* StoryboardSupport.swift */,
			);
			path = Storyboards;
			sourceTree = "<group>";
		};
		A663B2852025266D004E5B85 /* Resources */ = {
			isa = PBXGroup;
			children = (
				A6F539CD202678570031D7B9 /* products.json */,
				A663B25B2025251B004E5B85 /* Assets.xcassets */,
				A6F539BA202617480031D7B9 /* Localizable.strings */,
				A6F539C120261AC90031D7B9 /* InfoPlist.strings */,
			);
			path = Resources;
			sourceTree = "<group>";
		};
		A663B286202526E7004E5B85 /* View */ = {
			isa = PBXGroup;
			children = (
				A6F539D120268D500031D7B9 /* ProductTableViewCell.swift */,
			);
			path = View;
			sourceTree = "<group>";
		};
		A663B287202526EC004E5B85 /* Networking */ = {
			isa = PBXGroup;
			children = (
				A6F539C3202656250031D7B9 /* APIManager.swift */,
				A6F539C92026608A0031D7B9 /* TBServices.swift */,
			);
			path = Networking;
			sourceTree = "<group>";
		};
		A663B2882025312F004E5B85 /* Helpers */ = {
			isa = PBXGroup;
			children = (
				A663B2912025336E004E5B85 /* Configuration.swift */,
				A663B293202538C5004E5B85 /* Constants.swift */,
			);
			path = Helpers;
			sourceTree = "<group>";
		};
/* End PBXGroup section */

/* Begin PBXNativeTarget section */
		A663B24E2025251B004E5B85 /* TimBurtons */ = {
			isa = PBXNativeTarget;
			buildConfigurationList = A663B2792025251B004E5B85 /* Build configuration list for PBXNativeTarget "TimBurtons" */;
			buildPhases = (
				A663B24B2025251B004E5B85 /* Sources */,
				A663B24C2025251B004E5B85 /* Frameworks */,
				A663B24D2025251B004E5B85 /* Resources */,
			);
			buildRules = (
			);
			dependencies = (
			);
			name = TimBurtons;
			productName = TimBurtons;
			productReference = A663B24F2025251B004E5B85 /* TimBurtons.app */;
			productType = "com.apple.product-type.application";
		};
		A663B2642025251B004E5B85 /* TimBurtonsTests */ = {
			isa = PBXNativeTarget;
			buildConfigurationList = A663B27C2025251B004E5B85 /* Build configuration list for PBXNativeTarget "TimBurtonsTests" */;
			buildPhases = (
				A663B2612025251B004E5B85 /* Sources */,
				A663B2622025251B004E5B85 /* Frameworks */,
				A663B2632025251B004E5B85 /* Resources */,
			);
			buildRules = (
			);
			dependencies = (
				A663B2672025251B004E5B85 /* PBXTargetDependency */,
			);
			name = TimBurtonsTests;
			productName = TimBurtonsTests;
			productReference = A663B2652025251B004E5B85 /* TimBurtonsTests.xctest */;
			productType = "com.apple.product-type.bundle.unit-test";
		};
		A663B26F2025251B004E5B85 /* TimBurtonsUITests */ = {
			isa = PBXNativeTarget;
			buildConfigurationList = A663B27F2025251B004E5B85 /* Build configuration list for PBXNativeTarget "TimBurtonsUITests" */;
			buildPhases = (
				A663B26C2025251B004E5B85 /* Sources */,
				A663B26D2025251B004E5B85 /* Frameworks */,
				A663B26E2025251B004E5B85 /* Resources */,
			);
			buildRules = (
			);
			dependencies = (
				A663B2722025251B004E5B85 /* PBXTargetDependency */,
			);
			name = TimBurtonsUITests;
			productName = TimBurtonsUITests;
			productReference = A663B2702025251B004E5B85 /* TimBurtonsUITests.xctest */;
			productType = "com.apple.product-type.bundle.ui-testing";
		};
/* End PBXNativeTarget section */

/* Begin PBXProject section */
		A663B2472025251B004E5B85 /* Project object */ = {
			isa = PBXProject;
			attributes = {
				LastSwiftUpdateCheck = 0900;
				LastUpgradeCheck = 0900;
				ORGANIZATIONNAME = "Bharath Kamath";
				TargetAttributes = {
					A663B24E2025251B004E5B85 = {
						CreatedOnToolsVersion = 9.0.1;
						ProvisioningStyle = Automatic;
					};
					A663B2642025251B004E5B85 = {
						CreatedOnToolsVersion = 9.0.1;
						ProvisioningStyle = Automatic;
						TestTargetID = A663B24E2025251B004E5B85;
					};
					A663B26F2025251B004E5B85 = {
						CreatedOnToolsVersion = 9.0.1;
						ProvisioningStyle = Automatic;
						TestTargetID = A663B24E2025251B004E5B85;
					};
				};
			};
			buildConfigurationList = A663B24A2025251B004E5B85 /* Build configuration list for PBXProject "TimBurtons" */;
			compatibilityVersion = "Xcode 8.0";
			developmentRegion = en;
			hasScannedForEncodings = 0;
			knownRegions = (
				en,
				Base,
			);
			mainGroup = A663B2462025251B004E5B85;
			productRefGroup = A663B2502025251B004E5B85 /* Products */;
			projectDirPath = "";
			projectRoot = "";
			targets = (
				A663B24E2025251B004E5B85 /* TimBurtons */,
				A663B2642025251B004E5B85 /* TimBurtonsTests */,
				A663B26F2025251B004E5B85 /* TimBurtonsUITests */,
			);
		};
/* End PBXProject section */

/* Begin PBXResourcesBuildPhase section */
		A663B24D2025251B004E5B85 /* Resources */ = {
			isa = PBXResourcesBuildPhase;
			buildActionMask = 2147483647;
			files = (
				A6F539B8202617480031D7B9 /* Localizable.strings in Resources */,
				A6F539BF20261AC90031D7B9 /* InfoPlist.strings in Resources */,
				A6F539CE202678570031D7B9 /* products.json in Resources */,
				A663B25F2025251B004E5B85 /* LaunchScreen.storyboard in Resources */,
				A663B25C2025251B004E5B85 /* Assets.xcassets in Resources */,
				A6F539B0202561850031D7B9 /* Products.storyboard in Resources */,
				A663B25A2025251B004E5B85 /* Main.storyboard in Resources */,
			);
			runOnlyForDeploymentPostprocessing = 0;
		};
		A663B2632025251B004E5B85 /* Resources */ = {
			isa = PBXResourcesBuildPhase;
			buildActionMask = 2147483647;
			files = (
			);
			runOnlyForDeploymentPostprocessing = 0;
		};
		A663B26E2025251B004E5B85 /* Resources */ = {
			isa = PBXResourcesBuildPhase;
			buildActionMask = 2147483647;
			files = (
			);
			runOnlyForDeploymentPostprocessing = 0;
		};
/* End PBXResourcesBuildPhase section */

/* Begin PBXSourcesBuildPhase section */
		A663B24B2025251B004E5B85 /* Sources */ = {
			isa = PBXSourcesBuildPhase;
			buildActionMask = 2147483647;
			files = (
				A663B294202538C5004E5B85 /* Constants.swift in Sources */,
				A6F539C820265EE10031D7B9 /* Cart.swift in Sources */,
				A6F539C62026565B0031D7B9 /* Product.swift in Sources */,
				A663B2532025251B004E5B85 /* AppDelegate.swift in Sources */,
				A6F539B220260AFF0031D7B9 /* StoryboardSupport.swift in Sources */,
				A6F539D220268D500031D7B9 /* ProductTableViewCell.swift in Sources */,
				A663B2922025336F004E5B85 /* Configuration.swift in Sources */,
				A6F539A9202560E30031D7B9 /* HomeViewController.swift in Sources */,
				A6F539AB202561080031D7B9 /* ProductsViewController.swift in Sources */,
				A6F539D020268BB40031D7B9 /* ProductInfoViewController.swift in Sources */,
				A6F539C4202656250031D7B9 /* APIManager.swift in Sources */,
				A6F539CA2026608A0031D7B9 /* TBServices.swift in Sources */,
			);
			runOnlyForDeploymentPostprocessing = 0;
		};
		A663B2612025251B004E5B85 /* Sources */ = {
			isa = PBXSourcesBuildPhase;
			buildActionMask = 2147483647;
			files = (
				A663B26A2025251B004E5B85 /* TimBurtonsTests.swift in Sources */,
			);
			runOnlyForDeploymentPostprocessing = 0;
		};
		A663B26C2025251B004E5B85 /* Sources */ = {
			isa = PBXSourcesBuildPhase;
			buildActionMask = 2147483647;
			files = (
				A663B2752025251B004E5B85 /* TimBurtonsUITests.swift in Sources */,
			);
			runOnlyForDeploymentPostprocessing = 0;
		};
/* End PBXSourcesBuildPhase section */

/* Begin PBXTargetDependency section */
		A663B2672025251B004E5B85 /* PBXTargetDependency */ = {
			isa = PBXTargetDependency;
			target = A663B24E2025251B004E5B85 /* TimBurtons */;
			targetProxy = A663B2662025251B004E5B85 /* PBXContainerItemProxy */;
		};
		A663B2722025251B004E5B85 /* PBXTargetDependency */ = {
			isa = PBXTargetDependency;
			target = A663B24E2025251B004E5B85 /* TimBurtons */;
			targetProxy = A663B2712025251B004E5B85 /* PBXContainerItemProxy */;
		};
/* End PBXTargetDependency section */

/* Begin PBXVariantGroup section */
		A663B2582025251B004E5B85 /* Main.storyboard */ = {
			isa = PBXVariantGroup;
			children = (
				A663B2592025251B004E5B85 /* Base */,
				A6F539B4202616950031D7B9 /* fr */,
			);
			name = Main.storyboard;
			sourceTree = "<group>";
		};
		A663B25D2025251B004E5B85 /* LaunchScreen.storyboard */ = {
			isa = PBXVariantGroup;
			children = (
				A663B25E2025251B004E5B85 /* Base */,
				A6F539B5202616960031D7B9 /* fr */,
			);
			name = LaunchScreen.storyboard;
			sourceTree = "<group>";
		};
		A6F539AE202561840031D7B9 /* Products.storyboard */ = {
			isa = PBXVariantGroup;
			children = (
				A6F539AF202561840031D7B9 /* Base */,
				A6F539B3202616950031D7B9 /* fr */,
			);
			name = Products.storyboard;
			sourceTree = "<group>";
		};
		A6F539BA202617480031D7B9 /* Localizable.strings */ = {
			isa = PBXVariantGroup;
			children = (
				A6F539B9202617480031D7B9 /* fr */,
				A6F539BB202617530031D7B9 /* Base */,
			);
			name = Localizable.strings;
			sourceTree = "<group>";
		};
		A6F539C120261AC90031D7B9 /* InfoPlist.strings */ = {
			isa = PBXVariantGroup;
			children = (
				A6F539C020261AC90031D7B9 /* fr */,
				A6F539C220261AD60031D7B9 /* Base */,
			);
			name = InfoPlist.strings;
			sourceTree = "<group>";
		};
/* End PBXVariantGroup section */

/* Begin XCBuildConfiguration section */
		A663B2772025251B004E5B85 /* Debug Dev */ = {
			isa = XCBuildConfiguration;
			buildSettings = {
				ALWAYS_SEARCH_USER_PATHS = NO;
				CLANG_ANALYZER_LOCALIZABILITY_NONLOCALIZED = YES;
				CLANG_ANALYZER_NONNULL = YES;
				CLANG_ANALYZER_NUMBER_OBJECT_CONVERSION = YES_AGGRESSIVE;
				CLANG_CXX_LANGUAGE_STANDARD = "gnu++14";
				CLANG_CXX_LIBRARY = "libc++";
				CLANG_ENABLE_MODULES = YES;
				CLANG_ENABLE_OBJC_ARC = YES;
				CLANG_WARN_BLOCK_CAPTURE_AUTORELEASING = YES;
				CLANG_WARN_BOOL_CONVERSION = YES;
				CLANG_WARN_COMMA = YES;
				CLANG_WARN_CONSTANT_CONVERSION = YES;
				CLANG_WARN_DIRECT_OBJC_ISA_USAGE = YES_ERROR;
				CLANG_WARN_DOCUMENTATION_COMMENTS = YES;
				CLANG_WARN_EMPTY_BODY = YES;
				CLANG_WARN_ENUM_CONVERSION = YES;
				CLANG_WARN_INFINITE_RECURSION = YES;
				CLANG_WARN_INT_CONVERSION = YES;
				CLANG_WARN_NON_LITERAL_NULL_CONVERSION = YES;
				CLANG_WARN_OBJC_LITERAL_CONVERSION = YES;
				CLANG_WARN_OBJC_ROOT_CLASS = YES_ERROR;
				CLANG_WARN_RANGE_LOOP_ANALYSIS = YES;
				CLANG_WARN_STRICT_PROTOTYPES = YES;
				CLANG_WARN_SUSPICIOUS_MOVE = YES;
				CLANG_WARN_UNGUARDED_AVAILABILITY = YES_AGGRESSIVE;
				CLANG_WARN_UNREACHABLE_CODE = YES;
				CLANG_WARN__DUPLICATE_METHOD_MATCH = YES;
				CODE_SIGN_IDENTITY = "iPhone Developer";
				COPY_PHASE_STRIP = NO;
				DEBUG_INFORMATION_FORMAT = dwarf;
				ENABLE_STRICT_OBJC_MSGSEND = YES;
				ENABLE_TESTABILITY = YES;
				GCC_C_LANGUAGE_STANDARD = gnu11;
				GCC_DYNAMIC_NO_PIC = NO;
				GCC_NO_COMMON_BLOCKS = YES;
				GCC_OPTIMIZATION_LEVEL = 0;
				GCC_PREPROCESSOR_DEFINITIONS = (
					"DEBUG=1",
					"$(inherited)",
				);
				GCC_WARN_64_TO_32_BIT_CONVERSION = YES;
				GCC_WARN_ABOUT_RETURN_TYPE = YES_ERROR;
				GCC_WARN_UNDECLARED_SELECTOR = YES;
				GCC_WARN_UNINITIALIZED_AUTOS = YES_AGGRESSIVE;
				GCC_WARN_UNUSED_FUNCTION = YES;
				GCC_WARN_UNUSED_VARIABLE = YES;
				IPHONEOS_DEPLOYMENT_TARGET = 11.0;
				MTL_ENABLE_DEBUG_INFO = YES;
				ONLY_ACTIVE_ARCH = YES;
				SDKROOT = iphoneos;
				SWIFT_ACTIVE_COMPILATION_CONDITIONS = DEBUG;
				SWIFT_OPTIMIZATION_LEVEL = "-Onone";
			};
			name = "Debug Dev";
		};
		A663B2782025251B004E5B85 /* Release Production */ = {
			isa = XCBuildConfiguration;
			buildSettings = {
				ALWAYS_SEARCH_USER_PATHS = NO;
				CLANG_ANALYZER_LOCALIZABILITY_NONLOCALIZED = YES;
				CLANG_ANALYZER_NONNULL = YES;
				CLANG_ANALYZER_NUMBER_OBJECT_CONVERSION = YES_AGGRESSIVE;
				CLANG_CXX_LANGUAGE_STANDARD = "gnu++14";
				CLANG_CXX_LIBRARY = "libc++";
				CLANG_ENABLE_MODULES = YES;
				CLANG_ENABLE_OBJC_ARC = YES;
				CLANG_WARN_BLOCK_CAPTURE_AUTORELEASING = YES;
				CLANG_WARN_BOOL_CONVERSION = YES;
				CLANG_WARN_COMMA = YES;
				CLANG_WARN_CONSTANT_CONVERSION = YES;
				CLANG_WARN_DIRECT_OBJC_ISA_USAGE = YES_ERROR;
				CLANG_WARN_DOCUMENTATION_COMMENTS = YES;
				CLANG_WARN_EMPTY_BODY = YES;
				CLANG_WARN_ENUM_CONVERSION = YES;
				CLANG_WARN_INFINITE_RECURSION = YES;
				CLANG_WARN_INT_CONVERSION = YES;
				CLANG_WARN_NON_LITERAL_NULL_CONVERSION = YES;
				CLANG_WARN_OBJC_LITERAL_CONVERSION = YES;
				CLANG_WARN_OBJC_ROOT_CLASS = YES_ERROR;
				CLANG_WARN_RANGE_LOOP_ANALYSIS = YES;
				CLANG_WARN_STRICT_PROTOTYPES = YES;
				CLANG_WARN_SUSPICIOUS_MOVE = YES;
				CLANG_WARN_UNGUARDED_AVAILABILITY = YES_AGGRESSIVE;
				CLANG_WARN_UNREACHABLE_CODE = YES;
				CLANG_WARN__DUPLICATE_METHOD_MATCH = YES;
				CODE_SIGN_IDENTITY = "iPhone Developer";
				COPY_PHASE_STRIP = NO;
				DEBUG_INFORMATION_FORMAT = "dwarf-with-dsym";
				ENABLE_NS_ASSERTIONS = NO;
				ENABLE_STRICT_OBJC_MSGSEND = YES;
				GCC_C_LANGUAGE_STANDARD = gnu11;
				GCC_NO_COMMON_BLOCKS = YES;
				GCC_WARN_64_TO_32_BIT_CONVERSION = YES;
				GCC_WARN_ABOUT_RETURN_TYPE = YES_ERROR;
				GCC_WARN_UNDECLARED_SELECTOR = YES;
				GCC_WARN_UNINITIALIZED_AUTOS = YES_AGGRESSIVE;
				GCC_WARN_UNUSED_FUNCTION = YES;
				GCC_WARN_UNUSED_VARIABLE = YES;
				IPHONEOS_DEPLOYMENT_TARGET = 11.0;
				MTL_ENABLE_DEBUG_INFO = NO;
				SDKROOT = iphoneos;
				SWIFT_OPTIMIZATION_LEVEL = "-Owholemodule";
				VALIDATE_PRODUCT = YES;
			};
			name = "Release Production";
		};
		A663B27A2025251B004E5B85 /* Debug Dev */ = {
			isa = XCBuildConfiguration;
			buildSettings = {
				ASSETCATALOG_COMPILER_APPICON_NAME = AppIcon;
				CODE_SIGN_STYLE = Automatic;
				INFOPLIST_FILE = TimBurtons/Info.plist;
				LD_RUNPATH_SEARCH_PATHS = "$(inherited) @executable_path/Frameworks";
				PRODUCT_BUNDLE_IDENTIFIER = com.bk.TimBurtons;
				PRODUCT_NAME = "$(TARGET_NAME)";
				SWIFT_VERSION = 4.0;
				TARGETED_DEVICE_FAMILY = "1,2";
			};
			name = "Debug Dev";
		};
		A663B27B2025251B004E5B85 /* Release Production */ = {
			isa = XCBuildConfiguration;
			buildSettings = {
				ASSETCATALOG_COMPILER_APPICON_NAME = AppIcon;
				CODE_SIGN_STYLE = Automatic;
				INFOPLIST_FILE = TimBurtons/Info.plist;
				LD_RUNPATH_SEARCH_PATHS = "$(inherited) @executable_path/Frameworks";
				PRODUCT_BUNDLE_IDENTIFIER = com.bk.TimBurtons;
				PRODUCT_NAME = "$(TARGET_NAME)";
				SWIFT_VERSION = 4.0;
				TARGETED_DEVICE_FAMILY = "1,2";
			};
			name = "Release Production";
		};
		A663B27D2025251B004E5B85 /* Debug Dev */ = {
			isa = XCBuildConfiguration;
			buildSettings = {
				ALWAYS_EMBED_SWIFT_STANDARD_LIBRARIES = YES;
				BUNDLE_LOADER = "$(TEST_HOST)";
				CODE_SIGN_STYLE = Automatic;
				INFOPLIST_FILE = TimBurtonsTests/Info.plist;
				LD_RUNPATH_SEARCH_PATHS = "$(inherited) @executable_path/Frameworks @loader_path/Frameworks";
				PRODUCT_BUNDLE_IDENTIFIER = com.bk.TimBurtonsTests;
				PRODUCT_NAME = "$(TARGET_NAME)";
				SWIFT_VERSION = 4.0;
				TARGETED_DEVICE_FAMILY = "1,2";
				TEST_HOST = "$(BUILT_PRODUCTS_DIR)/TimBurtons.app/TimBurtons";
			};
			name = "Debug Dev";
		};
		A663B27E2025251B004E5B85 /* Release Production */ = {
			isa = XCBuildConfiguration;
			buildSettings = {
				ALWAYS_EMBED_SWIFT_STANDARD_LIBRARIES = YES;
				BUNDLE_LOADER = "$(TEST_HOST)";
				CODE_SIGN_STYLE = Automatic;
				INFOPLIST_FILE = TimBurtonsTests/Info.plist;
				LD_RUNPATH_SEARCH_PATHS = "$(inherited) @executable_path/Frameworks @loader_path/Frameworks";
				PRODUCT_BUNDLE_IDENTIFIER = com.bk.TimBurtonsTests;
				PRODUCT_NAME = "$(TARGET_NAME)";
				SWIFT_VERSION = 4.0;
				TARGETED_DEVICE_FAMILY = "1,2";
				TEST_HOST = "$(BUILT_PRODUCTS_DIR)/TimBurtons.app/TimBurtons";
			};
			name = "Release Production";
		};
		A663B2802025251B004E5B85 /* Debug Dev */ = {
			isa = XCBuildConfiguration;
			buildSettings = {
				ALWAYS_EMBED_SWIFT_STANDARD_LIBRARIES = YES;
				CODE_SIGN_STYLE = Automatic;
				INFOPLIST_FILE = TimBurtonsUITests/Info.plist;
				LD_RUNPATH_SEARCH_PATHS = "$(inherited) @executable_path/Frameworks @loader_path/Frameworks";
				PRODUCT_BUNDLE_IDENTIFIER = com.bk.TimBurtonsUITests;
				PRODUCT_NAME = "$(TARGET_NAME)";
				SWIFT_VERSION = 4.0;
				TARGETED_DEVICE_FAMILY = "1,2";
				TEST_TARGET_NAME = TimBurtons;
			};
			name = "Debug Dev";
		};
		A663B2812025251B004E5B85 /* Release Production */ = {
			isa = XCBuildConfiguration;
			buildSettings = {
				ALWAYS_EMBED_SWIFT_STANDARD_LIBRARIES = YES;
				CODE_SIGN_STYLE = Automatic;
				INFOPLIST_FILE = TimBurtonsUITests/Info.plist;
				LD_RUNPATH_SEARCH_PATHS = "$(inherited) @executable_path/Frameworks @loader_path/Frameworks";
				PRODUCT_BUNDLE_IDENTIFIER = com.bk.TimBurtonsUITests;
				PRODUCT_NAME = "$(TARGET_NAME)";
				SWIFT_VERSION = 4.0;
				TARGETED_DEVICE_FAMILY = "1,2";
				TEST_TARGET_NAME = TimBurtons;
			};
			name = "Release Production";
		};
		A663B28920253163004E5B85 /* Debug Staging */ = {
			isa = XCBuildConfiguration;
			buildSettings = {
				ALWAYS_SEARCH_USER_PATHS = NO;
				CLANG_ANALYZER_LOCALIZABILITY_NONLOCALIZED = YES;
				CLANG_ANALYZER_NONNULL = YES;
				CLANG_ANALYZER_NUMBER_OBJECT_CONVERSION = YES_AGGRESSIVE;
				CLANG_CXX_LANGUAGE_STANDARD = "gnu++14";
				CLANG_CXX_LIBRARY = "libc++";
				CLANG_ENABLE_MODULES = YES;
				CLANG_ENABLE_OBJC_ARC = YES;
				CLANG_WARN_BLOCK_CAPTURE_AUTORELEASING = YES;
				CLANG_WARN_BOOL_CONVERSION = YES;
				CLANG_WARN_COMMA = YES;
				CLANG_WARN_CONSTANT_CONVERSION = YES;
				CLANG_WARN_DIRECT_OBJC_ISA_USAGE = YES_ERROR;
				CLANG_WARN_DOCUMENTATION_COMMENTS = YES;
				CLANG_WARN_EMPTY_BODY = YES;
				CLANG_WARN_ENUM_CONVERSION = YES;
				CLANG_WARN_INFINITE_RECURSION = YES;
				CLANG_WARN_INT_CONVERSION = YES;
				CLANG_WARN_NON_LITERAL_NULL_CONVERSION = YES;
				CLANG_WARN_OBJC_LITERAL_CONVERSION = YES;
				CLANG_WARN_OBJC_ROOT_CLASS = YES_ERROR;
				CLANG_WARN_RANGE_LOOP_ANALYSIS = YES;
				CLANG_WARN_STRICT_PROTOTYPES = YES;
				CLANG_WARN_SUSPICIOUS_MOVE = YES;
				CLANG_WARN_UNGUARDED_AVAILABILITY = YES_AGGRESSIVE;
				CLANG_WARN_UNREACHABLE_CODE = YES;
				CLANG_WARN__DUPLICATE_METHOD_MATCH = YES;
				CODE_SIGN_IDENTITY = "iPhone Developer";
				COPY_PHASE_STRIP = NO;
				DEBUG_INFORMATION_FORMAT = dwarf;
				ENABLE_STRICT_OBJC_MSGSEND = YES;
				ENABLE_TESTABILITY = YES;
				GCC_C_LANGUAGE_STANDARD = gnu11;
				GCC_DYNAMIC_NO_PIC = NO;
				GCC_NO_COMMON_BLOCKS = YES;
				GCC_OPTIMIZATION_LEVEL = 0;
				GCC_PREPROCESSOR_DEFINITIONS = (
					"DEBUG=1",
					"$(inherited)",
				);
				GCC_WARN_64_TO_32_BIT_CONVERSION = YES;
				GCC_WARN_ABOUT_RETURN_TYPE = YES_ERROR;
				GCC_WARN_UNDECLARED_SELECTOR = YES;
				GCC_WARN_UNINITIALIZED_AUTOS = YES_AGGRESSIVE;
				GCC_WARN_UNUSED_FUNCTION = YES;
				GCC_WARN_UNUSED_VARIABLE = YES;
				IPHONEOS_DEPLOYMENT_TARGET = 11.0;
				MTL_ENABLE_DEBUG_INFO = YES;
				ONLY_ACTIVE_ARCH = YES;
				SDKROOT = iphoneos;
				SWIFT_ACTIVE_COMPILATION_CONDITIONS = DEBUG;
				SWIFT_OPTIMIZATION_LEVEL = "-Onone";
			};
			name = "Debug Staging";
		};
		A663B28A20253163004E5B85 /* Debug Staging */ = {
			isa = XCBuildConfiguration;
			buildSettings = {
				ASSETCATALOG_COMPILER_APPICON_NAME = AppIcon;
				CODE_SIGN_STYLE = Automatic;
				INFOPLIST_FILE = TimBurtons/Info.plist;
				LD_RUNPATH_SEARCH_PATHS = "$(inherited) @executable_path/Frameworks";
				PRODUCT_BUNDLE_IDENTIFIER = com.bk.TimBurtons;
				PRODUCT_NAME = "$(TARGET_NAME)";
				SWIFT_VERSION = 4.0;
				TARGETED_DEVICE_FAMILY = "1,2";
			};
			name = "Debug Staging";
		};
		A663B28B20253163004E5B85 /* Debug Staging */ = {
			isa = XCBuildConfiguration;
			buildSettings = {
				ALWAYS_EMBED_SWIFT_STANDARD_LIBRARIES = YES;
				BUNDLE_LOADER = "$(TEST_HOST)";
				CODE_SIGN_STYLE = Automatic;
				INFOPLIST_FILE = TimBurtonsTests/Info.plist;
				LD_RUNPATH_SEARCH_PATHS = "$(inherited) @executable_path/Frameworks @loader_path/Frameworks";
				PRODUCT_BUNDLE_IDENTIFIER = com.bk.TimBurtonsTests;
				PRODUCT_NAME = "$(TARGET_NAME)";
				SWIFT_VERSION = 4.0;
				TARGETED_DEVICE_FAMILY = "1,2";
				TEST_HOST = "$(BUILT_PRODUCTS_DIR)/TimBurtons.app/TimBurtons";
			};
			name = "Debug Staging";
		};
		A663B28C20253163004E5B85 /* Debug Staging */ = {
			isa = XCBuildConfiguration;
			buildSettings = {
				ALWAYS_EMBED_SWIFT_STANDARD_LIBRARIES = YES;
				CODE_SIGN_STYLE = Automatic;
				INFOPLIST_FILE = TimBurtonsUITests/Info.plist;
				LD_RUNPATH_SEARCH_PATHS = "$(inherited) @executable_path/Frameworks @loader_path/Frameworks";
				PRODUCT_BUNDLE_IDENTIFIER = com.bk.TimBurtonsUITests;
				PRODUCT_NAME = "$(TARGET_NAME)";
				SWIFT_VERSION = 4.0;
				TARGETED_DEVICE_FAMILY = "1,2";
				TEST_TARGET_NAME = TimBurtons;
			};
			name = "Debug Staging";
		};
		A663B28D20253170004E5B85 /* Debug Production */ = {
			isa = XCBuildConfiguration;
			buildSettings = {
				ALWAYS_SEARCH_USER_PATHS = NO;
				CLANG_ANALYZER_LOCALIZABILITY_NONLOCALIZED = YES;
				CLANG_ANALYZER_NONNULL = YES;
				CLANG_ANALYZER_NUMBER_OBJECT_CONVERSION = YES_AGGRESSIVE;
				CLANG_CXX_LANGUAGE_STANDARD = "gnu++14";
				CLANG_CXX_LIBRARY = "libc++";
				CLANG_ENABLE_MODULES = YES;
				CLANG_ENABLE_OBJC_ARC = YES;
				CLANG_WARN_BLOCK_CAPTURE_AUTORELEASING = YES;
				CLANG_WARN_BOOL_CONVERSION = YES;
				CLANG_WARN_COMMA = YES;
				CLANG_WARN_CONSTANT_CONVERSION = YES;
				CLANG_WARN_DIRECT_OBJC_ISA_USAGE = YES_ERROR;
				CLANG_WARN_DOCUMENTATION_COMMENTS = YES;
				CLANG_WARN_EMPTY_BODY = YES;
				CLANG_WARN_ENUM_CONVERSION = YES;
				CLANG_WARN_INFINITE_RECURSION = YES;
				CLANG_WARN_INT_CONVERSION = YES;
				CLANG_WARN_NON_LITERAL_NULL_CONVERSION = YES;
				CLANG_WARN_OBJC_LITERAL_CONVERSION = YES;
				CLANG_WARN_OBJC_ROOT_CLASS = YES_ERROR;
				CLANG_WARN_RANGE_LOOP_ANALYSIS = YES;
				CLANG_WARN_STRICT_PROTOTYPES = YES;
				CLANG_WARN_SUSPICIOUS_MOVE = YES;
				CLANG_WARN_UNGUARDED_AVAILABILITY = YES_AGGRESSIVE;
				CLANG_WARN_UNREACHABLE_CODE = YES;
				CLANG_WARN__DUPLICATE_METHOD_MATCH = YES;
				CODE_SIGN_IDENTITY = "iPhone Developer";
				COPY_PHASE_STRIP = NO;
				DEBUG_INFORMATION_FORMAT = dwarf;
				ENABLE_STRICT_OBJC_MSGSEND = YES;
				ENABLE_TESTABILITY = YES;
				GCC_C_LANGUAGE_STANDARD = gnu11;
				GCC_DYNAMIC_NO_PIC = NO;
				GCC_NO_COMMON_BLOCKS = YES;
				GCC_OPTIMIZATION_LEVEL = 0;
				GCC_PREPROCESSOR_DEFINITIONS = (
					"DEBUG=1",
					"$(inherited)",
				);
				GCC_WARN_64_TO_32_BIT_CONVERSION = YES;
				GCC_WARN_ABOUT_RETURN_TYPE = YES_ERROR;
				GCC_WARN_UNDECLARED_SELECTOR = YES;
				GCC_WARN_UNINITIALIZED_AUTOS = YES_AGGRESSIVE;
				GCC_WARN_UNUSED_FUNCTION = YES;
				GCC_WARN_UNUSED_VARIABLE = YES;
				IPHONEOS_DEPLOYMENT_TARGET = 11.0;
				MTL_ENABLE_DEBUG_INFO = YES;
				ONLY_ACTIVE_ARCH = YES;
				SDKROOT = iphoneos;
				SWIFT_ACTIVE_COMPILATION_CONDITIONS = DEBUG;
				SWIFT_OPTIMIZATION_LEVEL = "-Onone";
			};
			name = "Debug Production";
		};
		A663B28E20253170004E5B85 /* Debug Production */ = {
			isa = XCBuildConfiguration;
			buildSettings = {
				ASSETCATALOG_COMPILER_APPICON_NAME = AppIcon;
				CODE_SIGN_STYLE = Automatic;
				INFOPLIST_FILE = TimBurtons/Info.plist;
				LD_RUNPATH_SEARCH_PATHS = "$(inherited) @executable_path/Frameworks";
				PRODUCT_BUNDLE_IDENTIFIER = com.bk.TimBurtons;
				PRODUCT_NAME = "$(TARGET_NAME)";
				SWIFT_VERSION = 4.0;
				TARGETED_DEVICE_FAMILY = "1,2";
			};
			name = "Debug Production";
		};
		A663B28F20253170004E5B85 /* Debug Production */ = {
			isa = XCBuildConfiguration;
			buildSettings = {
				ALWAYS_EMBED_SWIFT_STANDARD_LIBRARIES = YES;
				BUNDLE_LOADER = "$(TEST_HOST)";
				CODE_SIGN_STYLE = Automatic;
				INFOPLIST_FILE = TimBurtonsTests/Info.plist;
				LD_RUNPATH_SEARCH_PATHS = "$(inherited) @executable_path/Frameworks @loader_path/Frameworks";
				PRODUCT_BUNDLE_IDENTIFIER = com.bk.TimBurtonsTests;
				PRODUCT_NAME = "$(TARGET_NAME)";
				SWIFT_VERSION = 4.0;
				TARGETED_DEVICE_FAMILY = "1,2";
				TEST_HOST = "$(BUILT_PRODUCTS_DIR)/TimBurtons.app/TimBurtons";
			};
			name = "Debug Production";
		};
		A663B29020253170004E5B85 /* Debug Production */ = {
			isa = XCBuildConfiguration;
			buildSettings = {
				ALWAYS_EMBED_SWIFT_STANDARD_LIBRARIES = YES;
				CODE_SIGN_STYLE = Automatic;
				INFOPLIST_FILE = TimBurtonsUITests/Info.plist;
				LD_RUNPATH_SEARCH_PATHS = "$(inherited) @executable_path/Frameworks @loader_path/Frameworks";
				PRODUCT_BUNDLE_IDENTIFIER = com.bk.TimBurtonsUITests;
				PRODUCT_NAME = "$(TARGET_NAME)";
				SWIFT_VERSION = 4.0;
				TARGETED_DEVICE_FAMILY = "1,2";
				TEST_TARGET_NAME = TimBurtons;
			};
			name = "Debug Production";
		};
/* End XCBuildConfiguration section */

/* Begin XCConfigurationList section */
		A663B24A2025251B004E5B85 /* Build configuration list for PBXProject "TimBurtons" */ = {
			isa = XCConfigurationList;
			buildConfigurations = (
				A663B2772025251B004E5B85 /* Debug Dev */,
				A663B28D20253170004E5B85 /* Debug Production */,
				A663B28920253163004E5B85 /* Debug Staging */,
				A663B2782025251B004E5B85 /* Release Production */,
			);
			defaultConfigurationIsVisible = 0;
			defaultConfigurationName = "Release Production";
		};
		A663B2792025251B004E5B85 /* Build configuration list for PBXNativeTarget "TimBurtons" */ = {
			isa = XCConfigurationList;
			buildConfigurations = (
				A663B27A2025251B004E5B85 /* Debug Dev */,
				A663B28E20253170004E5B85 /* Debug Production */,
				A663B28A20253163004E5B85 /* Debug Staging */,
				A663B27B2025251B004E5B85 /* Release Production */,
			);
			defaultConfigurationIsVisible = 0;
			defaultConfigurationName = "Release Production";
		};
		A663B27C2025251B004E5B85 /* Build configuration list for PBXNativeTarget "TimBurtonsTests" */ = {
			isa = XCConfigurationList;
			buildConfigurations = (
				A663B27D2025251B004E5B85 /* Debug Dev */,
				A663B28F20253170004E5B85 /* Debug Production */,
				A663B28B20253163004E5B85 /* Debug Staging */,
				A663B27E2025251B004E5B85 /* Release Production */,
			);
			defaultConfigurationIsVisible = 0;
			defaultConfigurationName = "Release Production";
		};
		A663B27F2025251B004E5B85 /* Build configuration list for PBXNativeTarget "TimBurtonsUITests" */ = {
			isa = XCConfigurationList;
			buildConfigurations = (
				A663B2802025251B004E5B85 /* Debug Dev */,
				A663B29020253170004E5B85 /* Debug Production */,
				A663B28C20253163004E5B85 /* Debug Staging */,
				A663B2812025251B004E5B85 /* Release Production */,
			);
			defaultConfigurationIsVisible = 0;
			defaultConfigurationName = "Release Production";
		};
/* End XCConfigurationList section */
	};
	rootObject = A663B2472025251B004E5B85 /* Project object */;
}
